{
  "name": "edamame",
  "version": "0.1.0",
  "lockfileVersion": 1,
  "requires": true,
  "dependencies": {
    "react-tabbordion": {
      "version": "1.0.4",
      "resolved": "https://registry.npmjs.org/react-tabbordion/-/react-tabbordion-1.0.4.tgz",
      "integrity": "sha512-LhypmZF2KLuDdthSWOVYun9RDtNpkaeLj4zNoTcylobmYmdtGIBjdHEX46GUmh8LdanHtx9hh/jygc/fhvu1QQ=="
    }
  }
}
